// !$*UTF8*$!
{
	archiveVersion = 1;
	classes = {
	};
	objectVersion = 56;
	objects = {

/* Begin PBXBuildFile section */
		0228EB98297CF1F400728ADB /* MyAppRecipesApp.swift in Sources */ = {isa = PBXBuildFile; fileRef = 0228EB97297CF1F400728ADB /* MyAppRecipesApp.swift */; };
		0228EB9A297CF1F400728ADB /* ContentView.swift in Sources */ = {isa = PBXBuildFile; fileRef = 0228EB99297CF1F400728ADB /* ContentView.swift */; };
		0228EB9C297CF1F500728ADB /* Assets.xcassets in Resources */ = {isa = PBXBuildFile; fileRef = 0228EB9B297CF1F500728ADB /* Assets.xcassets */; };
		0228EB9F297CF1F500728ADB /* Preview Assets.xcassets in Resources */ = {isa = PBXBuildFile; fileRef = 0228EB9E297CF1F500728ADB /* Preview Assets.xcassets */; };
		0228EBA8297CF24100728ADB /* LoginView.swift in Sources */ = {isa = PBXBuildFile; fileRef = 0228EBA7297CF24100728ADB /* LoginView.swift */; };
		0228EBAB297D0CE800728ADB /* FirebaseAuth in Frameworks */ = {isa = PBXBuildFile; productRef = 0228EBAA297D0CE800728ADB /* FirebaseAuth */; };
		0228EBAD297D0CE800728ADB /* FirebaseFirestore in Frameworks */ = {isa = PBXBuildFile; productRef = 0228EBAC297D0CE800728ADB /* FirebaseFirestore */; };
		0228EBAF297D0CE800728ADB /* FirebaseFirestoreSwift in Frameworks */ = {isa = PBXBuildFile; productRef = 0228EBAE297D0CE800728ADB /* FirebaseFirestoreSwift */; };
		0228EBB1297D116C00728ADB /* GoogleService-Info.plist in Resources */ = {isa = PBXBuildFile; fileRef = 0228EBB0297D116C00728ADB /* GoogleService-Info.plist */; };
		0228EBB4297D240900728ADB /* FirebaseStorage in Frameworks */ = {isa = PBXBuildFile; productRef = 0228EBB3297D240900728ADB /* FirebaseStorage */; };
		0228EBB8297DB3B700728ADB /* User2.swift in Sources */ = {isa = PBXBuildFile; fileRef = 0228EBB7297DB3B700728ADB /* User2.swift */; };
		0228EBBA297DB70E00728ADB /* User.swift in Sources */ = {isa = PBXBuildFile; fileRef = 0228EBB9297DB70E00728ADB /* User.swift */; };
		0228EBBC297DC7D400728ADB /* LoadingView.swift in Sources */ = {isa = PBXBuildFile; fileRef = 0228EBBB297DC7D400728ADB /* LoadingView.swift */; };
		0228EBC2297E073500728ADB /* RegisterView.swift in Sources */ = {isa = PBXBuildFile; fileRef = 0228EBC1297E073500728ADB /* RegisterView.swift */; };
		0228EBC5297E08AA00728ADB /* Extensions.swift in Sources */ = {isa = PBXBuildFile; fileRef = 0228EBC4297E08AA00728ADB /* Extensions.swift */; };
		0228EBC7297E0A9C00728ADB /* MainView.swift in Sources */ = {isa = PBXBuildFile; fileRef = 0228EBC6297E0A9C00728ADB /* MainView.swift */; };
		0228EBC9297E0F3000728ADB /* ProfileView.swift in Sources */ = {isa = PBXBuildFile; fileRef = 0228EBC8297E0F3000728ADB /* ProfileView.swift */; };
		0228EBCD297E146800728ADB /* SessionManager.swift in Sources */ = {isa = PBXBuildFile; fileRef = 0228EBCC297E146800728ADB /* SessionManager.swift */; };
		0228EBD1297E3B7500728ADB /* ProfileContent.swift in Sources */ = {isa = PBXBuildFile; fileRef = 0228EBD0297E3B7500728ADB /* ProfileContent.swift */; };
		0228EBD4297E3D1500728ADB /* SDWebImageSwiftUI in Frameworks */ = {isa = PBXBuildFile; productRef = 0228EBD3297E3D1500728ADB /* SDWebImageSwiftUI */; };
		0228EBD6297F191600728ADB /* NewPost.swift in Sources */ = {isa = PBXBuildFile; fileRef = 0228EBD5297F191600728ADB /* NewPost.swift */; };
		0228EBD8297F195C00728ADB /* Post.swift in Sources */ = {isa = PBXBuildFile; fileRef = 0228EBD7297F195C00728ADB /* Post.swift */; };
		0228EBDC297F8C3E00728ADB /* PostView.swift in Sources */ = {isa = PBXBuildFile; fileRef = 0228EBDB297F8C3E00728ADB /* PostView.swift */; };
		0228EC0029807AFE00728ADB /* ContainerPostViews.swift in Sources */ = {isa = PBXBuildFile; fileRef = 0228EBFF29807AFE00728ADB /* ContainerPostViews.swift */; };
		0228EC0229808AC500728ADB /* PostCardView.swift in Sources */ = {isa = PBXBuildFile; fileRef = 0228EC0129808AC500728ADB /* PostCardView.swift */; };
		0228EC062983209000728ADB /* SerchUserView.swift in Sources */ = {isa = PBXBuildFile; fileRef = 0228EC052983209000728ADB /* SerchUserView.swift */; };
		0228EC0829860E4300728ADB /* ViewMessages.swift in Sources */ = {isa = PBXBuildFile; fileRef = 0228EC0729860E4300728ADB /* ViewMessages.swift */; };
		0228EC0A2986C8FA00728ADB /* MainMessagesViewModel.swift in Sources */ = {isa = PBXBuildFile; fileRef = 0228EC092986C8FA00728ADB /* MainMessagesViewModel.swift */; };
		0228EC0C2986C9DC00728ADB /* FirebaseManager.swift in Sources */ = {isa = PBXBuildFile; fileRef = 0228EC0B2986C9DC00728ADB /* FirebaseManager.swift */; };
		0228EC0E2987017800728ADB /* MessagesModel.swift in Sources */ = {isa = PBXBuildFile; fileRef = 0228EC0D2987017800728ADB /* MessagesModel.swift */; };
		0228EC112987064200728ADB /* ContentViewMessages.swift in Sources */ = {isa = PBXBuildFile; fileRef = 0228EC102987064200728ADB /* ContentViewMessages.swift */; };
		0228EC162987068D00728ADB /* MessageField.swift in Sources */ = {isa = PBXBuildFile; fileRef = 0228EC132987068D00728ADB /* MessageField.swift */; };
		0228EC172987068D00728ADB /* MessegeBubble.swift in Sources */ = {isa = PBXBuildFile; fileRef = 0228EC142987068D00728ADB /* MessegeBubble.swift */; };
		0228EC182987068D00728ADB /* TitleRow.swift in Sources */ = {isa = PBXBuildFile; fileRef = 0228EC152987068D00728ADB /* TitleRow.swift */; };
		0228EC1A2987093000728ADB /* MessagesManager.swift in Sources */ = {isa = PBXBuildFile; fileRef = 0228EC192987093000728ADB /* MessagesManager.swift */; };
/* End PBXBuildFile section */

/* Begin PBXFileReference section */
		0228EB94297CF1F400728ADB /* MyAppRecipes.app */ = {isa = PBXFileReference; explicitFileType = wrapper.application; includeInIndex = 0; path = MyAppRecipes.app; sourceTree = BUILT_PRODUCTS_DIR; };
		0228EB97297CF1F400728ADB /* MyAppRecipesApp.swift */ = {isa = PBXFileReference; lastKnownFileType = sourcecode.swift; path = MyAppRecipesApp.swift; sourceTree = "<group>"; };
		0228EB99297CF1F400728ADB /* ContentView.swift */ = {isa = PBXFileReference; lastKnownFileType = sourcecode.swift; path = ContentView.swift; sourceTree = "<group>"; };
		0228EB9B297CF1F500728ADB /* Assets.xcassets */ = {isa = PBXFileReference; lastKnownFileType = folder.assetcatalog; path = Assets.xcassets; sourceTree = "<group>"; };
		0228EB9E297CF1F500728ADB /* Preview Assets.xcassets */ = {isa = PBXFileReference; lastKnownFileType = folder.assetcatalog; path = "Preview Assets.xcassets"; sourceTree = "<group>"; };
		0228EBA7297CF24100728ADB /* LoginView.swift */ = {isa = PBXFileReference; lastKnownFileType = sourcecode.swift; path = LoginView.swift; sourceTree = "<group>"; };
		0228EBB0297D116C00728ADB /* GoogleService-Info.plist */ = {isa = PBXFileReference; fileEncoding = 4; lastKnownFileType = text.plist.xml; path = "GoogleService-Info.plist"; sourceTree = "<group>"; };
		0228EBB7297DB3B700728ADB /* User2.swift */ = {isa = PBXFileReference; lastKnownFileType = sourcecode.swift; path = User2.swift; sourceTree = "<group>"; };
		0228EBB9297DB70E00728ADB /* User.swift */ = {isa = PBXFileReference; lastKnownFileType = sourcecode.swift; path = User.swift; sourceTree = "<group>"; };
		0228EBBB297DC7D400728ADB /* LoadingView.swift */ = {isa = PBXFileReference; lastKnownFileType = sourcecode.swift; path = LoadingView.swift; sourceTree = "<group>"; };
		0228EBC1297E073500728ADB /* RegisterView.swift */ = {isa = PBXFileReference; lastKnownFileType = sourcecode.swift; path = RegisterView.swift; sourceTree = "<group>"; };
		0228EBC4297E08AA00728ADB /* Extensions.swift */ = {isa = PBXFileReference; lastKnownFileType = sourcecode.swift; path = Extensions.swift; sourceTree = "<group>"; };
		0228EBC6297E0A9C00728ADB /* MainView.swift */ = {isa = PBXFileReference; lastKnownFileType = sourcecode.swift; path = MainView.swift; sourceTree = "<group>"; };
		0228EBC8297E0F3000728ADB /* ProfileView.swift */ = {isa = PBXFileReference; lastKnownFileType = sourcecode.swift; path = ProfileView.swift; sourceTree = "<group>"; };
		0228EBCC297E146800728ADB /* SessionManager.swift */ = {isa = PBXFileReference; lastKnownFileType = sourcecode.swift; path = SessionManager.swift; sourceTree = "<group>"; };
		0228EBD0297E3B7500728ADB /* ProfileContent.swift */ = {isa = PBXFileReference; lastKnownFileType = sourcecode.swift; path = ProfileContent.swift; sourceTree = "<group>"; };
		0228EBD5297F191600728ADB /* NewPost.swift */ = {isa = PBXFileReference; lastKnownFileType = sourcecode.swift; path = NewPost.swift; sourceTree = "<group>"; };
		0228EBD7297F195C00728ADB /* Post.swift */ = {isa = PBXFileReference; lastKnownFileType = sourcecode.swift; path = Post.swift; sourceTree = "<group>"; };
		0228EBDB297F8C3E00728ADB /* PostView.swift */ = {isa = PBXFileReference; lastKnownFileType = sourcecode.swift; path = PostView.swift; sourceTree = "<group>"; };
		0228EBFF29807AFE00728ADB /* ContainerPostViews.swift */ = {isa = PBXFileReference; lastKnownFileType = sourcecode.swift; path = ContainerPostViews.swift; sourceTree = "<group>"; };
		0228EC0129808AC500728ADB /* PostCardView.swift */ = {isa = PBXFileReference; lastKnownFileType = sourcecode.swift; path = PostCardView.swift; sourceTree = "<group>"; };
		0228EC052983209000728ADB /* SerchUserView.swift */ = {isa = PBXFileReference; lastKnownFileType = sourcecode.swift; path = SerchUserView.swift; sourceTree = "<group>"; };
		0228EC0729860E4300728ADB /* ViewMessages.swift */ = {isa = PBXFileReference; lastKnownFileType = sourcecode.swift; path = ViewMessages.swift; sourceTree = "<group>"; };
		0228EC092986C8FA00728ADB /* MainMessagesViewModel.swift */ = {isa = PBXFileReference; lastKnownFileType = sourcecode.swift; path = MainMessagesViewModel.swift; sourceTree = "<group>"; };
		0228EC0B2986C9DC00728ADB /* FirebaseManager.swift */ = {isa = PBXFileReference; lastKnownFileType = sourcecode.swift; path = FirebaseManager.swift; sourceTree = "<group>"; };
		0228EC0D2987017800728ADB /* MessagesModel.swift */ = {isa = PBXFileReference; lastKnownFileType = sourcecode.swift; path = MessagesModel.swift; sourceTree = "<group>"; };
		0228EC102987064200728ADB /* ContentViewMessages.swift */ = {isa = PBXFileReference; lastKnownFileType = sourcecode.swift; path = ContentViewMessages.swift; sourceTree = "<group>"; };
		0228EC132987068D00728ADB /* MessageField.swift */ = {isa = PBXFileReference; fileEncoding = 4; lastKnownFileType = sourcecode.swift; path = MessageField.swift; sourceTree = "<group>"; };
		0228EC142987068D00728ADB /* MessegeBubble.swift */ = {isa = PBXFileReference; fileEncoding = 4; lastKnownFileType = sourcecode.swift; path = MessegeBubble.swift; sourceTree = "<group>"; };
		0228EC152987068D00728ADB /* TitleRow.swift */ = {isa = PBXFileReference; fileEncoding = 4; lastKnownFileType = sourcecode.swift; path = TitleRow.swift; sourceTree = "<group>"; };
		0228EC192987093000728ADB /* MessagesManager.swift */ = {isa = PBXFileReference; fileEncoding = 4; lastKnownFileType = sourcecode.swift; path = MessagesManager.swift; sourceTree = "<group>"; };
/* End PBXFileReference section */

/* Begin PBXFrameworksBuildPhase section */
		0228EB91297CF1F400728ADB /* Frameworks */ = {
			isa = PBXFrameworksBuildPhase;
			buildActionMask = 2147483647;
			files = (
				0228EBD4297E3D1500728ADB /* SDWebImageSwiftUI in Frameworks */,
				0228EBAB297D0CE800728ADB /* FirebaseAuth in Frameworks */,
				0228EBB4297D240900728ADB /* FirebaseStorage in Frameworks */,
				0228EBAD297D0CE800728ADB /* FirebaseFirestore in Frameworks */,
				0228EBAF297D0CE800728ADB /* FirebaseFirestoreSwift in Frameworks */,
			);
			runOnlyForDeploymentPostprocessing = 0;
		};
/* End PBXFrameworksBuildPhase section */

/* Begin PBXGroup section */
		0228EB8B297CF1F400728ADB = {
			isa = PBXGroup;
			children = (
				0228EB96297CF1F400728ADB /* MyAppRecipes */,
				0228EB95297CF1F400728ADB /* Products */,
				0228EBB2297D240900728ADB /* Frameworks */,
			);
			sourceTree = "<group>";
		};
		0228EB95297CF1F400728ADB /* Products */ = {
			isa = PBXGroup;
			children = (
				0228EB94297CF1F400728ADB /* MyAppRecipes.app */,
			);
			name = Products;
			sourceTree = "<group>";
		};
		0228EB96297CF1F400728ADB /* MyAppRecipes */ = {
			isa = PBXGroup;
			children = (
				0228EBA5297CF20800728ADB /* Model */,
				0228EBCA297E144500728ADB /* ViewModels */,
				0228EBA6297CF21800728ADB /* View */,
				0228EC0F298705F000728ADB /* Messages */,
				0228EBBB297DC7D400728ADB /* LoadingView.swift */,
				0228EB97297CF1F400728ADB /* MyAppRecipesApp.swift */,
				0228EB99297CF1F400728ADB /* ContentView.swift */,
				0228EB9B297CF1F500728ADB /* Assets.xcassets */,
				0228EB9D297CF1F500728ADB /* Preview Content */,
			);
			path = MyAppRecipes;
			sourceTree = "<group>";
		};
		0228EB9D297CF1F500728ADB /* Preview Content */ = {
			isa = PBXGroup;
			children = (
				0228EB9E297CF1F500728ADB /* Preview Assets.xcassets */,
				0228EBB0297D116C00728ADB /* GoogleService-Info.plist */,
			);
			path = "Preview Content";
			sourceTree = "<group>";
		};
		0228EBA5297CF20800728ADB /* Model */ = {
			isa = PBXGroup;
			children = (
				0228EBB7297DB3B700728ADB /* User2.swift */,
				0228EBB9297DB70E00728ADB /* User.swift */,
				0228EBD7297F195C00728ADB /* Post.swift */,
				0228EC0D2987017800728ADB /* MessagesModel.swift */,
			);
			path = Model;
			sourceTree = "<group>";
		};
		0228EBA6297CF21800728ADB /* View */ = {
			isa = PBXGroup;
			children = (
				0228EBC3297E089900728ADB /* Extensions */,
				0228EBBE297E069A00728ADB /* MainView */,
				0228EBBD297E067900728ADB /* Login */,
			);
			path = View;
			sourceTree = "<group>";
		};
		0228EBB2297D240900728ADB /* Frameworks */ = {
			isa = PBXGroup;
			children = (
			);
			name = Frameworks;
			sourceTree = "<group>";
		};
		0228EBBD297E067900728ADB /* Login */ = {
			isa = PBXGroup;
			children = (
				0228EBA7297CF24100728ADB /* LoginView.swift */,
				0228EBC1297E073500728ADB /* RegisterView.swift */,
			);
			path = Login;
			sourceTree = "<group>";
		};
		0228EBBE297E069A00728ADB /* MainView */ = {
			isa = PBXGroup;
			children = (
				0228EBC6297E0A9C00728ADB /* MainView.swift */,
				0228EBD5297F191600728ADB /* NewPost.swift */,
				0228EC042981CE5100728ADB /* Profile */,
				0228EC032981CDF300728ADB /* PostView */,
				0228EC052983209000728ADB /* SerchUserView.swift */,
			);
			path = MainView;
			sourceTree = "<group>";
		};
		0228EBC3297E089900728ADB /* Extensions */ = {
			isa = PBXGroup;
			children = (
				0228EBC4297E08AA00728ADB /* Extensions.swift */,
			);
			path = Extensions;
			sourceTree = "<group>";
		};
		0228EBCA297E144500728ADB /* ViewModels */ = {
			isa = PBXGroup;
			children = (
				0228EBCB297E145100728ADB /* Sessions */,
				0228EC0B2986C9DC00728ADB /* FirebaseManager.swift */,
			);
			path = ViewModels;
			sourceTree = "<group>";
		};
		0228EBCB297E145100728ADB /* Sessions */ = {
			isa = PBXGroup;
			children = (
				0228EBCC297E146800728ADB /* SessionManager.swift */,
				0228EC092986C8FA00728ADB /* MainMessagesViewModel.swift */,
			);
			path = Sessions;
			sourceTree = "<group>";
		};
		0228EC032981CDF300728ADB /* PostView */ = {
			isa = PBXGroup;
			children = (
				0228EC0129808AC500728ADB /* PostCardView.swift */,
				0228EBDB297F8C3E00728ADB /* PostView.swift */,
				0228EBFF29807AFE00728ADB /* ContainerPostViews.swift */,
			);
			path = PostView;
			sourceTree = "<group>";
		};
		0228EC042981CE5100728ADB /* Profile */ = {
			isa = PBXGroup;
			children = (
				0228EBC8297E0F3000728ADB /* ProfileView.swift */,
				0228EBD0297E3B7500728ADB /* ProfileContent.swift */,
			);
			path = Profile;
			sourceTree = "<group>";
		};
		0228EC0F298705F000728ADB /* Messages */ = {
			isa = PBXGroup;
			children = (
				0228EC102987064200728ADB /* ContentViewMessages.swift */,
				0228EC192987093000728ADB /* MessagesManager.swift */,
				0228EC122987066A00728ADB /* Components */,
				0228EC0729860E4300728ADB /* ViewMessages.swift */,
			);
			path = Messages;
			sourceTree = "<group>";
		};
		0228EC122987066A00728ADB /* Components */ = {
			isa = PBXGroup;
			children = (
				0228EC132987068D00728ADB /* MessageField.swift */,
				0228EC142987068D00728ADB /* MessegeBubble.swift */,
				0228EC152987068D00728ADB /* TitleRow.swift */,
			);
			path = Components;
			sourceTree = "<group>";
		};
/* End PBXGroup section */

/* Begin PBXNativeTarget section */
		0228EB93297CF1F400728ADB /* MyAppRecipes */ = {
			isa = PBXNativeTarget;
			buildConfigurationList = 0228EBA2297CF1F500728ADB /* Build configuration list for PBXNativeTarget "MyAppRecipes" */;
			buildPhases = (
				0228EB90297CF1F400728ADB /* Sources */,
				0228EB91297CF1F400728ADB /* Frameworks */,
				0228EB92297CF1F400728ADB /* Resources */,
			);
			buildRules = (
			);
			dependencies = (
			);
			name = MyAppRecipes;
			packageProductDependencies = (
				0228EBAA297D0CE800728ADB /* FirebaseAuth */,
				0228EBAC297D0CE800728ADB /* FirebaseFirestore */,
				0228EBAE297D0CE800728ADB /* FirebaseFirestoreSwift */,
				0228EBB3297D240900728ADB /* FirebaseStorage */,
				0228EBD3297E3D1500728ADB /* SDWebImageSwiftUI */,
			);
			productName = MyAppRecipes;
			productReference = 0228EB94297CF1F400728ADB /* MyAppRecipes.app */;
			productType = "com.apple.product-type.application";
		};
/* End PBXNativeTarget section */

/* Begin PBXProject section */
		0228EB8C297CF1F400728ADB /* Project object */ = {
			isa = PBXProject;
			attributes = {
				BuildIndependentTargetsInParallel = 1;
				LastSwiftUpdateCheck = 1420;
				LastUpgradeCheck = 1420;
				TargetAttributes = {
					0228EB93297CF1F400728ADB = {
						CreatedOnToolsVersion = 14.2;
					};
				};
			};
			buildConfigurationList = 0228EB8F297CF1F400728ADB /* Build configuration list for PBXProject "MyAppRecipes" */;
			compatibilityVersion = "Xcode 14.0";
			developmentRegion = en;
			hasScannedForEncodings = 0;
			knownRegions = (
				en,
				Base,
			);
			mainGroup = 0228EB8B297CF1F400728ADB;
			packageReferences = (
				0228EBA9297D0CE800728ADB /* XCRemoteSwiftPackageReference "firebase-ios-sdk" */,
				0228EBD2297E3D1500728ADB /* XCRemoteSwiftPackageReference "SDWebImageSwiftUI" */,
			);
			productRefGroup = 0228EB95297CF1F400728ADB /* Products */;
			projectDirPath = "";
			projectRoot = "";
			targets = (
				0228EB93297CF1F400728ADB /* MyAppRecipes */,
			);
		};
/* End PBXProject section */

/* Begin PBXResourcesBuildPhase section */
		0228EB92297CF1F400728ADB /* Resources */ = {
			isa = PBXResourcesBuildPhase;
			buildActionMask = 2147483647;
			files = (
				0228EB9F297CF1F500728ADB /* Preview Assets.xcassets in Resources */,
				0228EB9C297CF1F500728ADB /* Assets.xcassets in Resources */,
				0228EBB1297D116C00728ADB /* GoogleService-Info.plist in Resources */,
			);
			runOnlyForDeploymentPostprocessing = 0;
		};
/* End PBXResourcesBuildPhase section */

/* Begin PBXSourcesBuildPhase section */
		0228EB90297CF1F400728ADB /* Sources */ = {
			isa = PBXSourcesBuildPhase;
			buildActionMask = 2147483647;
			files = (
				0228EBB8297DB3B700728ADB /* User2.swift in Sources */,
				0228EC182987068D00728ADB /* TitleRow.swift in Sources */,
				0228EBC7297E0A9C00728ADB /* MainView.swift in Sources */,
				0228EBC9297E0F3000728ADB /* ProfileView.swift in Sources */,
				0228EBD6297F191600728ADB /* NewPost.swift in Sources */,
				0228EC172987068D00728ADB /* MessegeBubble.swift in Sources */,
				0228EBD1297E3B7500728ADB /* ProfileContent.swift in Sources */,
				0228EC0229808AC500728ADB /* PostCardView.swift in Sources */,
				0228EBD8297F195C00728ADB /* Post.swift in Sources */,
				0228EBA8297CF24100728ADB /* LoginView.swift in Sources */,
				0228EB9A297CF1F400728ADB /* ContentView.swift in Sources */,
				0228EC0C2986C9DC00728ADB /* FirebaseManager.swift in Sources */,
				0228EC0829860E4300728ADB /* ViewMessages.swift in Sources */,
				0228EBC5297E08AA00728ADB /* Extensions.swift in Sources */,
				0228EC1A2987093000728ADB /* MessagesManager.swift in Sources */,
				0228EBC2297E073500728ADB /* RegisterView.swift in Sources */,
				0228EC0029807AFE00728ADB /* ContainerPostViews.swift in Sources */,
				0228EBBA297DB70E00728ADB /* User.swift in Sources */,
				0228EC0E2987017800728ADB /* MessagesModel.swift in Sources */,
				0228EC062983209000728ADB /* SerchUserView.swift in Sources */,
				0228EB98297CF1F400728ADB /* MyAppRecipesApp.swift in Sources */,
				0228EBBC297DC7D400728ADB /* LoadingView.swift in Sources */,
				0228EBDC297F8C3E00728ADB /* PostView.swift in Sources */,
				0228EC112987064200728ADB /* ContentViewMessages.swift in Sources */,
				0228EBCD297E146800728ADB /* SessionManager.swift in Sources */,
				0228EC162987068D00728ADB /* MessageField.swift in Sources */,
				0228EC0A2986C8FA00728ADB /* MainMessagesViewModel.swift in Sources */,
			);
			runOnlyForDeploymentPostprocessing = 0;
		};
/* End PBXSourcesBuildPhase section */

/* Begin XCBuildConfiguration section */
		0228EBA0297CF1F500728ADB /* Debug */ = {
			isa = XCBuildConfiguration;
			buildSettings = {
				ALWAYS_SEARCH_USER_PATHS = NO;
				CLANG_ANALYZER_NONNULL = YES;
				CLANG_ANALYZER_NUMBER_OBJECT_CONVERSION = YES_AGGRESSIVE;
				CLANG_CXX_LANGUAGE_STANDARD = "gnu++20";
				CLANG_ENABLE_MODULES = YES;
				CLANG_ENABLE_OBJC_ARC = YES;
				CLANG_ENABLE_OBJC_WEAK = YES;
				CLANG_WARN_BLOCK_CAPTURE_AUTORELEASING = YES;
				CLANG_WARN_BOOL_CONVERSION = YES;
				CLANG_WARN_COMMA = YES;
				CLANG_WARN_CONSTANT_CONVERSION = YES;
				CLANG_WARN_DEPRECATED_OBJC_IMPLEMENTATIONS = YES;
				CLANG_WARN_DIRECT_OBJC_ISA_USAGE = YES_ERROR;
				CLANG_WARN_DOCUMENTATION_COMMENTS = YES;
				CLANG_WARN_EMPTY_BODY = YES;
				CLANG_WARN_ENUM_CONVERSION = YES;
				CLANG_WARN_INFINITE_RECURSION = YES;
				CLANG_WARN_INT_CONVERSION = YES;
				CLANG_WARN_NON_LITERAL_NULL_CONVERSION = YES;
				CLANG_WARN_OBJC_IMPLICIT_RETAIN_SELF = YES;
				CLANG_WARN_OBJC_LITERAL_CONVERSION = YES;
				CLANG_WARN_OBJC_ROOT_CLASS = YES_ERROR;
				CLANG_WARN_QUOTED_INCLUDE_IN_FRAMEWORK_HEADER = YES;
				CLANG_WARN_RANGE_LOOP_ANALYSIS = YES;
				CLANG_WARN_STRICT_PROTOTYPES = YES;
				CLANG_WARN_SUSPICIOUS_MOVE = YES;
				CLANG_WARN_UNGUARDED_AVAILABILITY = YES_AGGRESSIVE;
				CLANG_WARN_UNREACHABLE_CODE = YES;
				CLANG_WARN__DUPLICATE_METHOD_MATCH = YES;
				COPY_PHASE_STRIP = NO;
				DEBUG_INFORMATION_FORMAT = dwarf;
				ENABLE_STRICT_OBJC_MSGSEND = YES;
				ENABLE_TESTABILITY = YES;
				GCC_C_LANGUAGE_STANDARD = gnu11;
				GCC_DYNAMIC_NO_PIC = NO;
				GCC_NO_COMMON_BLOCKS = YES;
				GCC_OPTIMIZATION_LEVEL = 0;
				GCC_PREPROCESSOR_DEFINITIONS = (
					"DEBUG=1",
					"$(inherited)",
				);
				GCC_WARN_64_TO_32_BIT_CONVERSION = YES;
				GCC_WARN_ABOUT_RETURN_TYPE = YES_ERROR;
				GCC_WARN_UNDECLARED_SELECTOR = YES;
				GCC_WARN_UNINITIALIZED_AUTOS = YES_AGGRESSIVE;
				GCC_WARN_UNUSED_FUNCTION = YES;
				GCC_WARN_UNUSED_VARIABLE = YES;
				IPHONEOS_DEPLOYMENT_TARGET = 16.2;
				MTL_ENABLE_DEBUG_INFO = INCLUDE_SOURCE;
				MTL_FAST_MATH = YES;
				ONLY_ACTIVE_ARCH = YES;
				SDKROOT = iphoneos;
				SWIFT_ACTIVE_COMPILATION_CONDITIONS = DEBUG;
				SWIFT_OPTIMIZATION_LEVEL = "-Onone";
			};
			name = Debug;
		};
		0228EBA1297CF1F500728ADB /* Release */ = {
			isa = XCBuildConfiguration;
			buildSettings = {
				ALWAYS_SEARCH_USER_PATHS = NO;
				CLANG_ANALYZER_NONNULL = YES;
				CLANG_ANALYZER_NUMBER_OBJECT_CONVERSION = YES_AGGRESSIVE;
				CLANG_CXX_LANGUAGE_STANDARD = "gnu++20";
				CLANG_ENABLE_MODULES = YES;
				CLANG_ENABLE_OBJC_ARC = YES;
				CLANG_ENABLE_OBJC_WEAK = YES;
				CLANG_WARN_BLOCK_CAPTURE_AUTORELEASING = YES;
				CLANG_WARN_BOOL_CONVERSION = YES;
				CLANG_WARN_COMMA = YES;
				CLANG_WARN_CONSTANT_CONVERSION = YES;
				CLANG_WARN_DEPRECATED_OBJC_IMPLEMENTATIONS = YES;
				CLANG_WARN_DIRECT_OBJC_ISA_USAGE = YES_ERROR;
				CLANG_WARN_DOCUMENTATION_COMMENTS = YES;
				CLANG_WARN_EMPTY_BODY = YES;
				CLANG_WARN_ENUM_CONVERSION = YES;
				CLANG_WARN_INFINITE_RECURSION = YES;
				CLANG_WARN_INT_CONVERSION = YES;
				CLANG_WARN_NON_LITERAL_NULL_CONVERSION = YES;
				CLANG_WARN_OBJC_IMPLICIT_RETAIN_SELF = YES;
				CLANG_WARN_OBJC_LITERAL_CONVERSION = YES;
				CLANG_WARN_OBJC_ROOT_CLASS = YES_ERROR;
				CLANG_WARN_QUOTED_INCLUDE_IN_FRAMEWORK_HEADER = YES;
				CLANG_WARN_RANGE_LOOP_ANALYSIS = YES;
				CLANG_WARN_STRICT_PROTOTYPES = YES;
				CLANG_WARN_SUSPICIOUS_MOVE = YES;
				CLANG_WARN_UNGUARDED_AVAILABILITY = YES_AGGRESSIVE;
				CLANG_WARN_UNREACHABLE_CODE = YES;
				CLANG_WARN__DUPLICATE_METHOD_MATCH = YES;
				COPY_PHASE_STRIP = NO;
				DEBUG_INFORMATION_FORMAT = "dwarf-with-dsym";
				ENABLE_NS_ASSERTIONS = NO;
				ENABLE_STRICT_OBJC_MSGSEND = YES;
				GCC_C_LANGUAGE_STANDARD = gnu11;
				GCC_NO_COMMON_BLOCKS = YES;
				GCC_WARN_64_TO_32_BIT_CONVERSION = YES;
				GCC_WARN_ABOUT_RETURN_TYPE = YES_ERROR;
				GCC_WARN_UNDECLARED_SELECTOR = YES;
				GCC_WARN_UNINITIALIZED_AUTOS = YES_AGGRESSIVE;
				GCC_WARN_UNUSED_FUNCTION = YES;
				GCC_WARN_UNUSED_VARIABLE = YES;
				IPHONEOS_DEPLOYMENT_TARGET = 16.2;
				MTL_ENABLE_DEBUG_INFO = NO;
				MTL_FAST_MATH = YES;
				SDKROOT = iphoneos;
				SWIFT_COMPILATION_MODE = wholemodule;
				SWIFT_OPTIMIZATION_LEVEL = "-O";
				VALIDATE_PRODUCT = YES;
			};
			name = Release;
		};
		0228EBA3297CF1F500728ADB /* Debug */ = {
			isa = XCBuildConfiguration;
			buildSettings = {
				ASSETCATALOG_COMPILER_APPICON_NAME = AppIcon;
				ASSETCATALOG_COMPILER_GLOBAL_ACCENT_COLOR_NAME = AccentColor;
				CODE_SIGN_STYLE = Automatic;
				CURRENT_PROJECT_VERSION = 1;
				DEVELOPMENT_ASSET_PATHS = "\"MyAppRecipes/Preview Content\"";
				DEVELOPMENT_TEAM = 4FSP9N526J;
				ENABLE_PREVIEWS = YES;
				GENERATE_INFOPLIST_FILE = YES;
				INFOPLIST_KEY_UIApplicationSceneManifest_Generation = YES;
				INFOPLIST_KEY_UIApplicationSupportsIndirectInputEvents = YES;
				INFOPLIST_KEY_UILaunchScreen_Generation = YES;
				INFOPLIST_KEY_UISupportedInterfaceOrientations_iPad = "UIInterfaceOrientationPortrait UIInterfaceOrientationPortraitUpsideDown UIInterfaceOrientationLandscapeLeft UIInterfaceOrientationLandscapeRight";
				INFOPLIST_KEY_UISupportedInterfaceOrientations_iPhone = "UIInterfaceOrientationPortrait UIInterfaceOrientationLandscapeLeft UIInterfaceOrientationLandscapeRight";
				LD_RUNPATH_SEARCH_PATHS = (
					"$(inherited)",
					"@executable_path/Frameworks",
				);
				MARKETING_VERSION = 1.0;
				PRODUCT_BUNDLE_IDENTIFIER = enhanceit.com.MyAppRecipes;
				PRODUCT_NAME = "$(TARGET_NAME)";
				SWIFT_EMIT_LOC_STRINGS = YES;
				SWIFT_VERSION = 5.0;
				TARGETED_DEVICE_FAMILY = "1,2";
			};
			name = Debug;
		};
		0228EBA4297CF1F500728ADB /* Release */ = {
			isa = XCBuildConfiguration;
			buildSettings = {
				ASSETCATALOG_COMPILER_APPICON_NAME = AppIcon;
				ASSETCATALOG_COMPILER_GLOBAL_ACCENT_COLOR_NAME = AccentColor;
				CODE_SIGN_STYLE = Automatic;
				CURRENT_PROJECT_VERSION = 1;
				DEVELOPMENT_ASSET_PATHS = "\"MyAppRecipes/Preview Content\"";
				DEVELOPMENT_TEAM = 4FSP9N526J;
				ENABLE_PREVIEWS = YES;
				GENERATE_INFOPLIST_FILE = YES;
				INFOPLIST_KEY_UIApplicationSceneManifest_Generation = YES;
				INFOPLIST_KEY_UIApplicationSupportsIndirectInputEvents = YES;
				INFOPLIST_KEY_UILaunchScreen_Generation = YES;
				INFOPLIST_KEY_UISupportedInterfaceOrientations_iPad = "UIInterfaceOrientationPortrait UIInterfaceOrientationPortraitUpsideDown UIInterfaceOrientationLandscapeLeft UIInterfaceOrientationLandscapeRight";
				INFOPLIST_KEY_UISupportedInterfaceOrientations_iPhone = "UIInterfaceOrientationPortrait UIInterfaceOrientationLandscapeLeft UIInterfaceOrientationLandscapeRight";
				LD_RUNPATH_SEARCH_PATHS = (
					"$(inherited)",
					"@executable_path/Frameworks",
				);
				MARKETING_VERSION = 1.0;
				PRODUCT_BUNDLE_IDENTIFIER = enhanceit.com.MyAppRecipes;
				PRODUCT_NAME = "$(TARGET_NAME)";
				SWIFT_EMIT_LOC_STRINGS = YES;
				SWIFT_VERSION = 5.0;
				TARGETED_DEVICE_FAMILY = "1,2";
			};
			name = Release;
		};
/* End XCBuildConfiguration section */

/* Begin XCConfigurationList section */
		0228EB8F297CF1F400728ADB /* Build configuration list for PBXProject "MyAppRecipes" */ = {
			isa = XCConfigurationList;
			buildConfigurations = (
				0228EBA0297CF1F500728ADB /* Debug */,
				0228EBA1297CF1F500728ADB /* Release */,
			);
			defaultConfigurationIsVisible = 0;
			defaultConfigurationName = Release;
		};
		0228EBA2297CF1F500728ADB /* Build configuration list for PBXNativeTarget "MyAppRecipes" */ = {
			isa = XCConfigurationList;
			buildConfigurations = (
				0228EBA3297CF1F500728ADB /* Debug */,
				0228EBA4297CF1F500728ADB /* Release */,
			);
			defaultConfigurationIsVisible = 0;
			defaultConfigurationName = Release;
		};
/* End XCConfigurationList section */

/* Begin XCRemoteSwiftPackageReference section */
		0228EBA9297D0CE800728ADB /* XCRemoteSwiftPackageReference "firebase-ios-sdk" */ = {
			isa = XCRemoteSwiftPackageReference;
			repositoryURL = "https://github.com/firebase/firebase-ios-sdk";
			requirement = {
				kind = upToNextMajorVersion;
				minimumVersion = 9.0.0;
			};
		};
		0228EBD2297E3D1500728ADB /* XCRemoteSwiftPackageReference "SDWebImageSwiftUI" */ = {
			isa = XCRemoteSwiftPackageReference;
			repositoryURL = "https://github.com/SDWebImage/SDWebImageSwiftUI.git";
			requirement = {
				kind = upToNextMajorVersion;
				minimumVersion = 2.0.0;
			};
		};
/* End XCRemoteSwiftPackageReference section */

/* Begin XCSwiftPackageProductDependency section */
		0228EBAA297D0CE800728ADB /* FirebaseAuth */ = {
			isa = XCSwiftPackageProductDependency;
			package = 0228EBA9297D0CE800728ADB /* XCRemoteSwiftPackageReference "firebase-ios-sdk" */;
			productName = FirebaseAuth;
		};
		0228EBAC297D0CE800728ADB /* FirebaseFirestore */ = {
			isa = XCSwiftPackageProductDependency;
			package = 0228EBA9297D0CE800728ADB /* XCRemoteSwiftPackageReference "firebase-ios-sdk" */;
			productName = FirebaseFirestore;
		};
		0228EBAE297D0CE800728ADB /* FirebaseFirestoreSwift */ = {
			isa = XCSwiftPackageProductDependency;
			package = 0228EBA9297D0CE800728ADB /* XCRemoteSwiftPackageReference "firebase-ios-sdk" */;
			productName = FirebaseFirestoreSwift;
		};
		0228EBB3297D240900728ADB /* FirebaseStorage */ = {
			isa = XCSwiftPackageProductDependency;
			package = 0228EBA9297D0CE800728ADB /* XCRemoteSwiftPackageReference "firebase-ios-sdk" */;
			productName = FirebaseStorage;
		};
		0228EBD3297E3D1500728ADB /* SDWebImageSwiftUI */ = {
			isa = XCSwiftPackageProductDependency;
			package = 0228EBD2297E3D1500728ADB /* XCRemoteSwiftPackageReference "SDWebImageSwiftUI" */;
			productName = SDWebImageSwiftUI;
		};
/* End XCSwiftPackageProductDependency section */
	};
	rootObject = 0228EB8C297CF1F400728ADB /* Project object */;
}
